// !$*UTF8*$!
{
	archiveVersion = 1;
	classes = {
	};
	objectVersion = 52;
	objects = {

/* Begin PBXBuildFile section */
		2905EF162491A35600E7AEBB /* AppDelegate.swift in Sources */ = {isa = PBXBuildFile; fileRef = 2905EF152491A35600E7AEBB /* AppDelegate.swift */; };
		2905EF182491A35600E7AEBB /* SceneDelegate.swift in Sources */ = {isa = PBXBuildFile; fileRef = 2905EF172491A35600E7AEBB /* SceneDelegate.swift */; };
		2905EF1A2491A35600E7AEBB /* ViewController.swift in Sources */ = {isa = PBXBuildFile; fileRef = 2905EF192491A35600E7AEBB /* ViewController.swift */; };
		2905EF1D2491A35600E7AEBB /* Main.storyboard in Resources */ = {isa = PBXBuildFile; fileRef = 2905EF1B2491A35600E7AEBB /* Main.storyboard */; };
		2905EF1F2491A35900E7AEBB /* Assets.xcassets in Resources */ = {isa = PBXBuildFile; fileRef = 2905EF1E2491A35900E7AEBB /* Assets.xcassets */; };
		2905EF222491A35900E7AEBB /* LaunchScreen.storyboard in Resources */ = {isa = PBXBuildFile; fileRef = 2905EF202491A35900E7AEBB /* LaunchScreen.storyboard */; };
		2905EF2D2491A35A00E7AEBB /* KeychainExerciseTests.swift in Sources */ = {isa = PBXBuildFile; fileRef = 2905EF2C2491A35A00E7AEBB /* KeychainExerciseTests.swift */; };
		2905EF392491A42300E7AEBB /* KeychainSwift in Frameworks */ = {isa = PBXBuildFile; productRef = 2905EF382491A42300E7AEBB /* KeychainSwift */; };
		2905EF3B2491A51B00E7AEBB /* RevealViewController.swift in Sources */ = {isa = PBXBuildFile; fileRef = 2905EF3A2491A51B00E7AEBB /* RevealViewController.swift */; };
/* End PBXBuildFile section */

/* Begin PBXContainerItemProxy section */
		2905EF292491A35A00E7AEBB /* PBXContainerItemProxy */ = {
			isa = PBXContainerItemProxy;
			containerPortal = 2905EF0A2491A35500E7AEBB /* Project object */;
			proxyType = 1;
			remoteGlobalIDString = 2905EF112491A35600E7AEBB;
			remoteInfo = KeychainExercise;
		};
/* End PBXContainerItemProxy section */

/* Begin PBXFileReference section */
		2905EF122491A35600E7AEBB /* KeychainExercise.app */ = {isa = PBXFileReference; explicitFileType = wrapper.application; includeInIndex = 0; path = KeychainExercise.app; sourceTree = BUILT_PRODUCTS_DIR; };
		2905EF152491A35600E7AEBB /* AppDelegate.swift */ = {isa = PBXFileReference; lastKnownFileType = sourcecode.swift; path = AppDelegate.swift; sourceTree = "<group>"; };
		2905EF172491A35600E7AEBB /* SceneDelegate.swift */ = {isa = PBXFileReference; lastKnownFileType = sourcecode.swift; path = SceneDelegate.swift; sourceTree = "<group>"; };
		2905EF192491A35600E7AEBB /* ViewController.swift */ = {isa = PBXFileReference; lastKnownFileType = sourcecode.swift; path = ViewController.swift; sourceTree = "<group>"; };
		2905EF1C2491A35600E7AEBB /* Base */ = {isa = PBXFileReference; lastKnownFileType = file.storyboard; name = Base; path = Base.lproj/Main.storyboard; sourceTree = "<group>"; };
		2905EF1E2491A35900E7AEBB /* Assets.xcassets */ = {isa = PBXFileReference; lastKnownFileType = folder.assetcatalog; path = Assets.xcassets; sourceTree = "<group>"; };
		2905EF212491A35900E7AEBB /* Base */ = {isa = PBXFileReference; lastKnownFileType = file.storyboard; name = Base; path = Base.lproj/LaunchScreen.storyboard; sourceTree = "<group>"; };
		2905EF232491A35900E7AEBB /* Info.plist */ = {isa = PBXFileReference; lastKnownFileType = text.plist.xml; path = Info.plist; sourceTree = "<group>"; };
		2905EF282491A35A00E7AEBB /* KeychainExerciseTests.xctest */ = {isa = PBXFileReference; explicitFileType = wrapper.cfbundle; includeInIndex = 0; path = KeychainExerciseTests.xctest; sourceTree = BUILT_PRODUCTS_DIR; };
		2905EF2C2491A35A00E7AEBB /* KeychainExerciseTests.swift */ = {isa = PBXFileReference; lastKnownFileType = sourcecode.swift; path = KeychainExerciseTests.swift; sourceTree = "<group>"; };
		2905EF2E2491A35A00E7AEBB /* Info.plist */ = {isa = PBXFileReference; lastKnownFileType = text.plist.xml; path = Info.plist; sourceTree = "<group>"; };
		2905EF3A2491A51B00E7AEBB /* RevealViewController.swift */ = {isa = PBXFileReference; lastKnownFileType = sourcecode.swift; path = RevealViewController.swift; sourceTree = "<group>"; };
/* End PBXFileReference section */

/* Begin PBXFrameworksBuildPhase section */
		2905EF0F2491A35600E7AEBB /* Frameworks */ = {
			isa = PBXFrameworksBuildPhase;
			buildActionMask = 2147483647;
			files = (
				2905EF392491A42300E7AEBB /* KeychainSwift in Frameworks */,
			);
			runOnlyForDeploymentPostprocessing = 0;
		};
		2905EF252491A35A00E7AEBB /* Frameworks */ = {
			isa = PBXFrameworksBuildPhase;
			buildActionMask = 2147483647;
			files = (
			);
			runOnlyForDeploymentPostprocessing = 0;
		};
/* End PBXFrameworksBuildPhase section */

/* Begin PBXGroup section */
		2905EF092491A35500E7AEBB = {
			isa = PBXGroup;
			children = (
				2905EF142491A35600E7AEBB /* KeychainExercise */,
				2905EF2B2491A35A00E7AEBB /* KeychainExerciseTests */,
				2905EF132491A35600E7AEBB /* Products */,
			);
			sourceTree = "<group>";
		};
		2905EF132491A35600E7AEBB /* Products */ = {
			isa = PBXGroup;
			children = (
				2905EF122491A35600E7AEBB /* KeychainExercise.app */,
				2905EF282491A35A00E7AEBB /* KeychainExerciseTests.xctest */,
			);
			name = Products;
			sourceTree = "<group>";
		};
		2905EF142491A35600E7AEBB /* KeychainExercise */ = {
			isa = PBXGroup;
			children = (
				2905EF152491A35600E7AEBB /* AppDelegate.swift */,
				2905EF172491A35600E7AEBB /* SceneDelegate.swift */,
				2905EF192491A35600E7AEBB /* ViewController.swift */,
				2905EF3A2491A51B00E7AEBB /* RevealViewController.swift */,
				2905EF1B2491A35600E7AEBB /* Main.storyboard */,
				2905EF1E2491A35900E7AEBB /* Assets.xcassets */,
				2905EF202491A35900E7AEBB /* LaunchScreen.storyboard */,
				2905EF232491A35900E7AEBB /* Info.plist */,
			);
			path = KeychainExercise;
			sourceTree = "<group>";
		};
		2905EF2B2491A35A00E7AEBB /* KeychainExerciseTests */ = {
			isa = PBXGroup;
			children = (
				2905EF2C2491A35A00E7AEBB /* KeychainExerciseTests.swift */,
				2905EF2E2491A35A00E7AEBB /* Info.plist */,
			);
			path = KeychainExerciseTests;
			sourceTree = "<group>";
		};
/* End PBXGroup section */

/* Begin PBXNativeTarget section */
		2905EF112491A35600E7AEBB /* KeychainExercise */ = {
			isa = PBXNativeTarget;
			buildConfigurationList = 2905EF312491A35A00E7AEBB /* Build configuration list for PBXNativeTarget "KeychainExercise" */;
			buildPhases = (
				2905EF0E2491A35600E7AEBB /* Sources */,
				2905EF0F2491A35600E7AEBB /* Frameworks */,
				2905EF102491A35600E7AEBB /* Resources */,
			);
			buildRules = (
			);
			dependencies = (
			);
			name = KeychainExercise;
			packageProductDependencies = (
				2905EF382491A42300E7AEBB /* KeychainSwift */,
			);
			productName = KeychainExercise;
			productReference = 2905EF122491A35600E7AEBB /* KeychainExercise.app */;
			productType = "com.apple.product-type.application";
		};
		2905EF272491A35A00E7AEBB /* KeychainExerciseTests */ = {
			isa = PBXNativeTarget;
			buildConfigurationList = 2905EF342491A35A00E7AEBB /* Build configuration list for PBXNativeTarget "KeychainExerciseTests" */;
			buildPhases = (
				2905EF242491A35A00E7AEBB /* Sources */,
				2905EF252491A35A00E7AEBB /* Frameworks */,
				2905EF262491A35A00E7AEBB /* Resources */,
			);
			buildRules = (
			);
			dependencies = (
				2905EF2A2491A35A00E7AEBB /* PBXTargetDependency */,
			);
			name = KeychainExerciseTests;
			productName = KeychainExerciseTests;
			productReference = 2905EF282491A35A00E7AEBB /* KeychainExerciseTests.xctest */;
			productType = "com.apple.product-type.bundle.unit-test";
		};
/* End PBXNativeTarget section */

/* Begin PBXProject section */
		2905EF0A2491A35500E7AEBB /* Project object */ = {
			isa = PBXProject;
			attributes = {
				LastSwiftUpdateCheck = 1130;
				LastUpgradeCheck = 1130;
				ORGANIZATIONNAME = "Angelina Olmedo";
				TargetAttributes = {
					2905EF112491A35600E7AEBB = {
						CreatedOnToolsVersion = 11.3.1;
					};
					2905EF272491A35A00E7AEBB = {
						CreatedOnToolsVersion = 11.3.1;
						TestTargetID = 2905EF112491A35600E7AEBB;
					};
				};
			};
			buildConfigurationList = 2905EF0D2491A35500E7AEBB /* Build configuration list for PBXProject "KeychainExercise" */;
			compatibilityVersion = "Xcode 9.3";
			developmentRegion = en;
			hasScannedForEncodings = 0;
			knownRegions = (
				en,
				Base,
			);
			mainGroup = 2905EF092491A35500E7AEBB;
			packageReferences = (
				2905EF372491A42300E7AEBB /* XCRemoteSwiftPackageReference "keychain-swift" */,
			);
			productRefGroup = 2905EF132491A35600E7AEBB /* Products */;
			projectDirPath = "";
			projectRoot = "";
			targets = (
				2905EF112491A35600E7AEBB /* KeychainExercise */,
				2905EF272491A35A00E7AEBB /* KeychainExerciseTests */,
			);
		};
/* End PBXProject section */

/* Begin PBXResourcesBuildPhase section */
		2905EF102491A35600E7AEBB /* Resources */ = {
			isa = PBXResourcesBuildPhase;
			buildActionMask = 2147483647;
			files = (
				2905EF222491A35900E7AEBB /* LaunchScreen.storyboard in Resources */,
				2905EF1F2491A35900E7AEBB /* Assets.xcassets in Resources */,
				2905EF1D2491A35600E7AEBB /* Main.storyboard in Resources */,
			);
			runOnlyForDeploymentPostprocessing = 0;
		};
		2905EF262491A35A00E7AEBB /* Resources */ = {
			isa = PBXResourcesBuildPhase;
			buildActionMask = 2147483647;
			files = (
			);
			runOnlyForDeploymentPostprocessing = 0;
		};
/* End PBXResourcesBuildPhase section */

/* Begin PBXSourcesBuildPhase section */
		2905EF0E2491A35600E7AEBB /* Sources */ = {
			isa = PBXSourcesBuildPhase;
			buildActionMask = 2147483647;
			files = (
				2905EF1A2491A35600E7AEBB /* ViewController.swift in Sources */,
				2905EF162491A35600E7AEBB /* AppDelegate.swift in Sources */,
				2905EF182491A35600E7AEBB /* SceneDelegate.swift in Sources */,
				2905EF3B2491A51B00E7AEBB /* RevealViewController.swift in Sources */,
			);
			runOnlyForDeploymentPostprocessing = 0;
		};
		2905EF242491A35A00E7AEBB /* Sources */ = {
			isa = PBXSourcesBuildPhase;
			buildActionMask = 2147483647;
			files = (
				2905EF2D2491A35A00E7AEBB /* KeychainExerciseTests.swift in Sources */,
			);
			runOnlyForDeploymentPostprocessing = 0;
		};
/* End PBXSourcesBuildPhase section */

/* Begin PBXTargetDependency section */
		2905EF2A2491A35A00E7AEBB /* PBXTargetDependency */ = {
			isa = PBXTargetDependency;
			target = 2905EF112491A35600E7AEBB /* KeychainExercise */;
			targetProxy = 2905EF292491A35A00E7AEBB /* PBXContainerItemProxy */;
		};
/* End PBXTargetDependency section */

/* Begin PBXVariantGroup section */
		2905EF1B2491A35600E7AEBB /* Main.storyboard */ = {
			isa = PBXVariantGroup;
			children = (
				2905EF1C2491A35600E7AEBB /* Base */,
			);
			name = Main.storyboard;
			sourceTree = "<group>";
		};
		2905EF202491A35900E7AEBB /* LaunchScreen.storyboard */ = {
			isa = PBXVariantGroup;
			children = (
				2905EF212491A35900E7AEBB /* Base */,
			);
			name = LaunchScreen.storyboard;
			sourceTree = "<group>";
		};
/* End PBXVariantGroup section */

/* Begin XCBuildConfiguration section */
		2905EF2F2491A35A00E7AEBB /* Debug */ = {
			isa = XCBuildConfiguration;
			buildSettings = {
				ALWAYS_SEARCH_USER_PATHS = NO;
				CLANG_ANALYZER_NONNULL = YES;
				CLANG_ANALYZER_NUMBER_OBJECT_CONVERSION = YES_AGGRESSIVE;
				CLANG_CXX_LANGUAGE_STANDARD = "gnu++14";
				CLANG_CXX_LIBRARY = "libc++";
				CLANG_ENABLE_MODULES = YES;
				CLANG_ENABLE_OBJC_ARC = YES;
				CLANG_ENABLE_OBJC_WEAK = YES;
				CLANG_WARN_BLOCK_CAPTURE_AUTORELEASING = YES;
				CLANG_WARN_BOOL_CONVERSION = YES;
				CLANG_WARN_COMMA = YES;
				CLANG_WARN_CONSTANT_CONVERSION = YES;
				CLANG_WARN_DEPRECATED_OBJC_IMPLEMENTATIONS = YES;
				CLANG_WARN_DIRECT_OBJC_ISA_USAGE = YES_ERROR;
				CLANG_WARN_DOCUMENTATION_COMMENTS = YES;
				CLANG_WARN_EMPTY_BODY = YES;
				CLANG_WARN_ENUM_CONVERSION = YES;
				CLANG_WARN_INFINITE_RECURSION = YES;
				CLANG_WARN_INT_CONVERSION = YES;
				CLANG_WARN_NON_LITERAL_NULL_CONVERSION = YES;
				CLANG_WARN_OBJC_IMPLICIT_RETAIN_SELF = YES;
				CLANG_WARN_OBJC_LITERAL_CONVERSION = YES;
				CLANG_WARN_OBJC_ROOT_CLASS = YES_ERROR;
				CLANG_WARN_RANGE_LOOP_ANALYSIS = YES;
				CLANG_WARN_STRICT_PROTOTYPES = YES;
				CLANG_WARN_SUSPICIOUS_MOVE = YES;
				CLANG_WARN_UNGUARDED_AVAILABILITY = YES_AGGRESSIVE;
				CLANG_WARN_UNREACHABLE_CODE = YES;
				CLANG_WARN__DUPLICATE_METHOD_MATCH = YES;
				COPY_PHASE_STRIP = NO;
				DEBUG_INFORMATION_FORMAT = dwarf;
				ENABLE_STRICT_OBJC_MSGSEND = YES;
				ENABLE_TESTABILITY = YES;
				GCC_C_LANGUAGE_STANDARD = gnu11;
				GCC_DYNAMIC_NO_PIC = NO;
				GCC_NO_COMMON_BLOCKS = YES;
				GCC_OPTIMIZATION_LEVEL = 0;
				GCC_PREPROCESSOR_DEFINITIONS = (
					"DEBUG=1",
					"$(inherited)",
				);
				GCC_WARN_64_TO_32_BIT_CONVERSION = YES;
				GCC_WARN_ABOUT_RETURN_TYPE = YES_ERROR;
				GCC_WARN_UNDECLARED_SELECTOR = YES;
				GCC_WARN_UNINITIALIZED_AUTOS = YES_AGGRESSIVE;
				GCC_WARN_UNUSED_FUNCTION = YES;
				GCC_WARN_UNUSED_VARIABLE = YES;
				IPHONEOS_DEPLOYMENT_TARGET = 13.2;
				MTL_ENABLE_DEBUG_INFO = INCLUDE_SOURCE;
				MTL_FAST_MATH = YES;
				ONLY_ACTIVE_ARCH = YES;
				SDKROOT = iphoneos;
				SWIFT_ACTIVE_COMPILATION_CONDITIONS = DEBUG;
				SWIFT_OPTIMIZATION_LEVEL = "-Onone";
			};
			name = Debug;
		};
		2905EF302491A35A00E7AEBB /* Release */ = {
			isa = XCBuildConfiguration;
			buildSettings = {
				ALWAYS_SEARCH_USER_PATHS = NO;
				CLANG_ANALYZER_NONNULL = YES;
				CLANG_ANALYZER_NUMBER_OBJECT_CONVERSION = YES_AGGRESSIVE;
				CLANG_CXX_LANGUAGE_STANDARD = "gnu++14";
				CLANG_CXX_LIBRARY = "libc++";
				CLANG_ENABLE_MODULES = YES;
				CLANG_ENABLE_OBJC_ARC = YES;
				CLANG_ENABLE_OBJC_WEAK = YES;
				CLANG_WARN_BLOCK_CAPTURE_AUTORELEASING = YES;
				CLANG_WARN_BOOL_CONVERSION = YES;
				CLANG_WARN_COMMA = YES;
				CLANG_WARN_CONSTANT_CONVERSION = YES;
				CLANG_WARN_DEPRECATED_OBJC_IMPLEMENTATIONS = YES;
				CLANG_WARN_DIRECT_OBJC_ISA_USAGE = YES_ERROR;
				CLANG_WARN_DOCUMENTATION_COMMENTS = YES;
				CLANG_WARN_EMPTY_BODY = YES;
				CLANG_WARN_ENUM_CONVERSION = YES;
				CLANG_WARN_INFINITE_RECURSION = YES;
				CLANG_WARN_INT_CONVERSION = YES;
				CLANG_WARN_NON_LITERAL_NULL_CONVERSION = YES;
				CLANG_WARN_OBJC_IMPLICIT_RETAIN_SELF = YES;
				CLANG_WARN_OBJC_LITERAL_CONVERSION = YES;
				CLANG_WARN_OBJC_ROOT_CLASS = YES_ERROR;
				CLANG_WARN_RANGE_LOOP_ANALYSIS = YES;
				CLANG_WARN_STRICT_PROTOTYPES = YES;
				CLANG_WARN_SUSPICIOUS_MOVE = YES;
				CLANG_WARN_UNGUARDED_AVAILABILITY = YES_AGGRESSIVE;
				CLANG_WARN_UNREACHABLE_CODE = YES;
				CLANG_WARN__DUPLICATE_METHOD_MATCH = YES;
				COPY_PHASE_STRIP = NO;
				DEBUG_INFORMATION_FORMAT = "dwarf-with-dsym";
				ENABLE_NS_ASSERTIONS = NO;
				ENABLE_STRICT_OBJC_MSGSEND = YES;
				GCC_C_LANGUAGE_STANDARD = gnu11;
				GCC_NO_COMMON_BLOCKS = YES;
				GCC_WARN_64_TO_32_BIT_CONVERSION = YES;
				GCC_WARN_ABOUT_RETURN_TYPE = YES_ERROR;
				GCC_WARN_UNDECLARED_SELECTOR = YES;
				GCC_WARN_UNINITIALIZED_AUTOS = YES_AGGRESSIVE;
				GCC_WARN_UNUSED_FUNCTION = YES;
				GCC_WARN_UNUSED_VARIABLE = YES;
				IPHONEOS_DEPLOYMENT_TARGET = 13.2;
				MTL_ENABLE_DEBUG_INFO = NO;
				MTL_FAST_MATH = YES;
				SDKROOT = iphoneos;
				SWIFT_COMPILATION_MODE = wholemodule;
				SWIFT_OPTIMIZATION_LEVEL = "-O";
				VALIDATE_PRODUCT = YES;
			};
			name = Release;
		};
		2905EF322491A35A00E7AEBB /* Debug */ = {
			isa = XCBuildConfiguration;
			buildSettings = {
				ASSETCATALOG_COMPILER_APPICON_NAME = AppIcon;
				CODE_SIGN_STYLE = Automatic;
				DEVELOPMENT_TEAM = U774TM88M6;
				INFOPLIST_FILE = KeychainExercise/Info.plist;
				LD_RUNPATH_SEARCH_PATHS = (
					"$(inherited)",
					"@executable_path/Frameworks",
				);
				PRODUCT_BUNDLE_IDENTIFIER = com.makeschool.KeychainExercise;
				PRODUCT_NAME = "$(TARGET_NAME)";
				SWIFT_VERSION = 5.0;
				TARGETED_DEVICE_FAMILY = "1,2";
			};
			name = Debug;
		};
		2905EF332491A35A00E7AEBB /* Release */ = {
			isa = XCBuildConfiguration;
			buildSettings = {
				ASSETCATALOG_COMPILER_APPICON_NAME = AppIcon;
				CODE_SIGN_STYLE = Automatic;
				DEVELOPMENT_TEAM = U774TM88M6;
				INFOPLIST_FILE = KeychainExercise/Info.plist;
				LD_RUNPATH_SEARCH_PATHS = (
					"$(inherited)",
					"@executable_path/Frameworks",
				);
				PRODUCT_BUNDLE_IDENTIFIER = com.makeschool.KeychainExercise;
				PRODUCT_NAME = "$(TARGET_NAME)";
				SWIFT_VERSION = 5.0;
				TARGETED_DEVICE_FAMILY = "1,2";
			};
			name = Release;
		};
		2905EF352491A35A00E7AEBB /* Debug */ = {
			isa = XCBuildConfiguration;
			buildSettings = {
				ALWAYS_EMBED_SWIFT_STANDARD_LIBRARIES = YES;
				BUNDLE_LOADER = "$(TEST_HOST)";
				CODE_SIGN_STYLE = Automatic;
				DEVELOPMENT_TEAM = U774TM88M6;
				INFOPLIST_FILE = KeychainExerciseTests/Info.plist;
				IPHONEOS_DEPLOYMENT_TARGET = 13.2;
				LD_RUNPATH_SEARCH_PATHS = (
					"$(inherited)",
					"@executable_path/Frameworks",
					"@loader_path/Frameworks",
				);
				PRODUCT_BUNDLE_IDENTIFIER = com.makeschool.KeychainExerciseTests;
				PRODUCT_NAME = "$(TARGET_NAME)";
				SWIFT_VERSION = 5.0;
				TARGETED_DEVICE_FAMILY = "1,2";
				TEST_HOST = "$(BUILT_PRODUCTS_DIR)/KeychainExercise.app/KeychainExercise";
			};
			name = Debug;
		};
		2905EF362491A35A00E7AEBB /* Release */ = {
			isa = XCBuildConfiguration;
			buildSettings = {
				ALWAYS_EMBED_SWIFT_STANDARD_LIBRARIES = YES;
				BUNDLE_LOADER = "$(TEST_HOST)";
				CODE_SIGN_STYLE = Automatic;
				DEVELOPMENT_TEAM = U774TM88M6;
				INFOPLIST_FILE = KeychainExerciseTests/Info.plist;
				IPHONEOS_DEPLOYMENT_TARGET = 13.2;
				LD_RUNPATH_SEARCH_PATHS = (
					"$(inherited)",
					"@executable_path/Frameworks",
					"@loader_path/Frameworks",
				);
				PRODUCT_BUNDLE_IDENTIFIER = com.makeschool.KeychainExerciseTests;
				PRODUCT_NAME = "$(TARGET_NAME)";
				SWIFT_VERSION = 5.0;
				TARGETED_DEVICE_FAMILY = "1,2";
				TEST_HOST = "$(BUILT_PRODUCTS_DIR)/KeychainExercise.app/KeychainExercise";
			};
			name = Release;
		};
/* End XCBuildConfiguration section */

/* Begin XCConfigurationList section */
		2905EF0D2491A35500E7AEBB /* Build configuration list for PBXProject "KeychainExercise" */ = {
			isa = XCConfigurationList;
			buildConfigurations = (
				2905EF2F2491A35A00E7AEBB /* Debug */,
				2905EF302491A35A00E7AEBB /* Release */,
			);
			defaultConfigurationIsVisible = 0;
			defaultConfigurationName = Release;
		};
		2905EF312491A35A00E7AEBB /* Build configuration list for PBXNativeTarget "KeychainExercise" */ = {
			isa = XCConfigurationList;
			buildConfigurations = (
				2905EF322491A35A00E7AEBB /* Debug */,
				2905EF332491A35A00E7AEBB /* Release */,
			);
			defaultConfigurationIsVisible = 0;
			defaultConfigurationName = Release;
		};
		2905EF342491A35A00E7AEBB /* Build configuration list for PBXNativeTarget "KeychainExerciseTests" */ = {
			isa = XCConfigurationList;
			buildConfigurations = (
				2905EF352491A35A00E7AEBB /* Debug */,
				2905EF362491A35A00E7AEBB /* Release */,
			);
			defaultConfigurationIsVisible = 0;
			defaultConfigurationName = Release;
		};
/* End XCConfigurationList section */

/* Begin XCRemoteSwiftPackageReference section */
		2905EF372491A42300E7AEBB /* XCRemoteSwiftPackageReference "keychain-swift" */ = {
			isa = XCRemoteSwiftPackageReference;
			repositoryURL = "https://github.com/evgenyneu/keychain-swift.git";
			requirement = {
				kind = upToNextMajorVersion;
				minimumVersion = 19.0.0;
			};
		};
/* End XCRemoteSwiftPackageReference section */

/* Begin XCSwiftPackageProductDependency section */
		2905EF382491A42300E7AEBB /* KeychainSwift */ = {
			isa = XCSwiftPackageProductDependency;
			package = 2905EF372491A42300E7AEBB /* XCRemoteSwiftPackageReference "keychain-swift" */;
			productName = KeychainSwift;
		};
/* End XCSwiftPackageProductDependency section */
	};
	rootObject = 2905EF0A2491A35500E7AEBB /* Project object */;
}
